// !$*UTF8*$!
{
	archiveVersion = 1;
	classes = {
	};
	objectVersion = 55;
	objects = {

/* Begin PBXBuildFile section */
		4154D4F7283E448D001F2FF7 /* AppDelegate.swift in Sources */ = {isa = PBXBuildFile; fileRef = 4154D4F6283E448D001F2FF7 /* AppDelegate.swift */; };
		4154D4F9283E448D001F2FF7 /* SceneDelegate.swift in Sources */ = {isa = PBXBuildFile; fileRef = 4154D4F8283E448D001F2FF7 /* SceneDelegate.swift */; };
		4154D4FB283E448D001F2FF7 /* ViewController.swift in Sources */ = {isa = PBXBuildFile; fileRef = 4154D4FA283E448D001F2FF7 /* ViewController.swift */; };
		4154D4FE283E448D001F2FF7 /* Main.storyboard in Resources */ = {isa = PBXBuildFile; fileRef = 4154D4FC283E448D001F2FF7 /* Main.storyboard */; };
		4154D500283E448E001F2FF7 /* Assets.xcassets in Resources */ = {isa = PBXBuildFile; fileRef = 4154D4FF283E448E001F2FF7 /* Assets.xcassets */; };
		4154D503283E448E001F2FF7 /* LaunchScreen.storyboard in Resources */ = {isa = PBXBuildFile; fileRef = 4154D501283E448E001F2FF7 /* LaunchScreen.storyboard */; };
		4154D50B283E462E001F2FF7 /* NetworkService.swift in Sources */ = {isa = PBXBuildFile; fileRef = 4154D50A283E462E001F2FF7 /* NetworkService.swift */; };
		4154D50D283E463D001F2FF7 /* DataStore.swift in Sources */ = {isa = PBXBuildFile; fileRef = 4154D50C283E463D001F2FF7 /* DataStore.swift */; };
		4154D511283E4908001F2FF7 /* CountryModel.swift in Sources */ = {isa = PBXBuildFile; fileRef = 4154D510283E4908001F2FF7 /* CountryModel.swift */; };
		4154D513283E49E1001F2FF7 /* NetworkDataFetcher.swift in Sources */ = {isa = PBXBuildFile; fileRef = 4154D512283E49E1001F2FF7 /* NetworkDataFetcher.swift */; };
		4154D515283E7D86001F2FF7 /* AppGroup.swift in Sources */ = {isa = PBXBuildFile; fileRef = 4154D514283E7D86001F2FF7 /* AppGroup.swift */; };
/* End PBXBuildFile section */

/* Begin PBXFileReference section */
		4154D4F3283E448D001F2FF7 /* SOLIDPrinciplesApp.app */ = {isa = PBXFileReference; explicitFileType = wrapper.application; includeInIndex = 0; path = SOLIDPrinciplesApp.app; sourceTree = BUILT_PRODUCTS_DIR; };
		4154D4F6283E448D001F2FF7 /* AppDelegate.swift */ = {isa = PBXFileReference; lastKnownFileType = sourcecode.swift; path = AppDelegate.swift; sourceTree = "<group>"; };
		4154D4F8283E448D001F2FF7 /* SceneDelegate.swift */ = {isa = PBXFileReference; lastKnownFileType = sourcecode.swift; path = SceneDelegate.swift; sourceTree = "<group>"; };
		4154D4FA283E448D001F2FF7 /* ViewController.swift */ = {isa = PBXFileReference; lastKnownFileType = sourcecode.swift; path = ViewController.swift; sourceTree = "<group>"; };
		4154D4FD283E448D001F2FF7 /* Base */ = {isa = PBXFileReference; lastKnownFileType = file.storyboard; name = Base; path = Base.lproj/Main.storyboard; sourceTree = "<group>"; };
		4154D4FF283E448E001F2FF7 /* Assets.xcassets */ = {isa = PBXFileReference; lastKnownFileType = folder.assetcatalog; path = Assets.xcassets; sourceTree = "<group>"; };
		4154D502283E448E001F2FF7 /* Base */ = {isa = PBXFileReference; lastKnownFileType = file.storyboard; name = Base; path = Base.lproj/LaunchScreen.storyboard; sourceTree = "<group>"; };
		4154D504283E448E001F2FF7 /* Info.plist */ = {isa = PBXFileReference; lastKnownFileType = text.plist.xml; path = Info.plist; sourceTree = "<group>"; };
		4154D50A283E462E001F2FF7 /* NetworkService.swift */ = {isa = PBXFileReference; lastKnownFileType = sourcecode.swift; path = NetworkService.swift; sourceTree = "<group>"; };
		4154D50C283E463D001F2FF7 /* DataStore.swift */ = {isa = PBXFileReference; lastKnownFileType = sourcecode.swift; path = DataStore.swift; sourceTree = "<group>"; };
		4154D510283E4908001F2FF7 /* CountryModel.swift */ = {isa = PBXFileReference; lastKnownFileType = sourcecode.swift; path = CountryModel.swift; sourceTree = "<group>"; };
		4154D512283E49E1001F2FF7 /* NetworkDataFetcher.swift */ = {isa = PBXFileReference; lastKnownFileType = sourcecode.swift; path = NetworkDataFetcher.swift; sourceTree = "<group>"; };
		4154D514283E7D86001F2FF7 /* AppGroup.swift */ = {isa = PBXFileReference; lastKnownFileType = sourcecode.swift; path = AppGroup.swift; sourceTree = "<group>"; };
/* End PBXFileReference section */

/* Begin PBXFrameworksBuildPhase section */
		4154D4F0283E448D001F2FF7 /* Frameworks */ = {
			isa = PBXFrameworksBuildPhase;
			buildActionMask = 2147483647;
			files = (
			);
			runOnlyForDeploymentPostprocessing = 0;
		};
/* End PBXFrameworksBuildPhase section */

/* Begin PBXGroup section */
		4154D4EA283E448D001F2FF7 = {
			isa = PBXGroup;
			children = (
				4154D4F5283E448D001F2FF7 /* SOLIDPrinciplesApp */,
				4154D4F4283E448D001F2FF7 /* Products */,
			);
			sourceTree = "<group>";
		};
		4154D4F4283E448D001F2FF7 /* Products */ = {
			isa = PBXGroup;
			children = (
				4154D4F3283E448D001F2FF7 /* SOLIDPrinciplesApp.app */,
			);
			name = Products;
			sourceTree = "<group>";
		};
		4154D4F5283E448D001F2FF7 /* SOLIDPrinciplesApp */ = {
			isa = PBXGroup;
			children = (
				4154D50E283E4807001F2FF7 /* Services */,
				4154D4F6283E448D001F2FF7 /* AppDelegate.swift */,
				4154D4F8283E448D001F2FF7 /* SceneDelegate.swift */,
				4154D4FA283E448D001F2FF7 /* ViewController.swift */,
				4154D4FC283E448D001F2FF7 /* Main.storyboard */,
				4154D4FF283E448E001F2FF7 /* Assets.xcassets */,
				4154D501283E448E001F2FF7 /* LaunchScreen.storyboard */,
				4154D504283E448E001F2FF7 /* Info.plist */,
			);
			path = SOLIDPrinciplesApp;
			sourceTree = "<group>";
		};
		4154D50E283E4807001F2FF7 /* Services */ = {
			isa = PBXGroup;
			children = (
				4154D50F283E481A001F2FF7 /* Models */,
				4154D50A283E462E001F2FF7 /* NetworkService.swift */,
				4154D512283E49E1001F2FF7 /* NetworkDataFetcher.swift */,
				4154D50C283E463D001F2FF7 /* DataStore.swift */,
			);
			path = Services;
			sourceTree = "<group>";
		};
		4154D50F283E481A001F2FF7 /* Models */ = {
			isa = PBXGroup;
			children = (
				4154D510283E4908001F2FF7 /* CountryModel.swift */,
				4154D514283E7D86001F2FF7 /* AppGroup.swift */,
			);
			path = Models;
			sourceTree = "<group>";
		};
/* End PBXGroup section */

/* Begin PBXNativeTarget section */
		4154D4F2283E448D001F2FF7 /* SOLIDPrinciplesApp */ = {
			isa = PBXNativeTarget;
			buildConfigurationList = 4154D507283E448E001F2FF7 /* Build configuration list for PBXNativeTarget "SOLIDPrinciplesApp" */;
			buildPhases = (
				4154D4EF283E448D001F2FF7 /* Sources */,
				4154D4F0283E448D001F2FF7 /* Frameworks */,
				4154D4F1283E448D001F2FF7 /* Resources */,
			);
			buildRules = (
			);
			dependencies = (
			);
			name = SOLIDPrinciplesApp;
			productName = SOLIDPrinciplesApp;
			productReference = 4154D4F3283E448D001F2FF7 /* SOLIDPrinciplesApp.app */;
			productType = "com.apple.product-type.application";
		};
/* End PBXNativeTarget section */

/* Begin PBXProject section */
		4154D4EB283E448D001F2FF7 /* Project object */ = {
			isa = PBXProject;
			attributes = {
				BuildIndependentTargetsInParallel = 1;
				LastSwiftUpdateCheck = 1340;
				LastUpgradeCheck = 1340;
				TargetAttributes = {
					4154D4F2283E448D001F2FF7 = {
						CreatedOnToolsVersion = 13.4;
					};
				};
			};
			buildConfigurationList = 4154D4EE283E448D001F2FF7 /* Build configuration list for PBXProject "SOLIDPrinciplesApp" */;
			compatibilityVersion = "Xcode 13.0";
			developmentRegion = en;
			hasScannedForEncodings = 0;
			knownRegions = (
				en,
				Base,
			);
			mainGroup = 4154D4EA283E448D001F2FF7;
			productRefGroup = 4154D4F4283E448D001F2FF7 /* Products */;
			projectDirPath = "";
			projectRoot = "";
			targets = (
				4154D4F2283E448D001F2FF7 /* SOLIDPrinciplesApp */,
			);
		};
/* End PBXProject section */

/* Begin PBXResourcesBuildPhase section */
		4154D4F1283E448D001F2FF7 /* Resources */ = {
			isa = PBXResourcesBuildPhase;
			buildActionMask = 2147483647;
			files = (
				4154D503283E448E001F2FF7 /* LaunchScreen.storyboard in Resources */,
				4154D500283E448E001F2FF7 /* Assets.xcassets in Resources */,
				4154D4FE283E448D001F2FF7 /* Main.storyboard in Resources */,
			);
			runOnlyForDeploymentPostprocessing = 0;
		};
/* End PBXResourcesBuildPhase section */

/* Begin PBXSourcesBuildPhase section */
		4154D4EF283E448D001F2FF7 /* Sources */ = {
			isa = PBXSourcesBuildPhase;
			buildActionMask = 2147483647;
			files = (
				4154D513283E49E1001F2FF7 /* NetworkDataFetcher.swift in Sources */,
				4154D4FB283E448D001F2FF7 /* ViewController.swift in Sources */,
				4154D4F7283E448D001F2FF7 /* AppDelegate.swift in Sources */,
				4154D511283E4908001F2FF7 /* CountryModel.swift in Sources */,
				4154D50B283E462E001F2FF7 /* NetworkService.swift in Sources */,
				4154D50D283E463D001F2FF7 /* DataStore.swift in Sources */,
				4154D4F9283E448D001F2FF7 /* SceneDelegate.swift in Sources */,
				4154D515283E7D86001F2FF7 /* AppGroup.swift in Sources */,
			);
			runOnlyForDeploymentPostprocessing = 0;
		};
/* End PBXSourcesBuildPhase section */

/* Begin PBXVariantGroup section */
		4154D4FC283E448D001F2FF7 /* Main.storyboard */ = {
			isa = PBXVariantGroup;
			children = (
				4154D4FD283E448D001F2FF7 /* Base */,
			);
			name = Main.storyboard;
			sourceTree = "<group>";
		};
		4154D501283E448E001F2FF7 /* LaunchScreen.storyboard */ = {
			isa = PBXVariantGroup;
			children = (
				4154D502283E448E001F2FF7 /* Base */,
			);
			name = LaunchScreen.storyboard;
			sourceTree = "<group>";
		};
/* End PBXVariantGroup section */

/* Begin XCBuildConfiguration section */
		4154D505283E448E001F2FF7 /* Debug */ = {
			isa = XCBuildConfiguration;
			buildSettings = {
				ALWAYS_SEARCH_USER_PATHS = NO;
				CLANG_ANALYZER_NONNULL = YES;
				CLANG_ANALYZER_NUMBER_OBJECT_CONVERSION = YES_AGGRESSIVE;
				CLANG_CXX_LANGUAGE_STANDARD = "gnu++17";
				CLANG_ENABLE_MODULES = YES;
				CLANG_ENABLE_OBJC_ARC = YES;
				CLANG_ENABLE_OBJC_WEAK = YES;
				CLANG_WARN_BLOCK_CAPTURE_AUTORELEASING = YES;
				CLANG_WARN_BOOL_CONVERSION = YES;
				CLANG_WARN_COMMA = YES;
				CLANG_WARN_CONSTANT_CONVERSION = YES;
				CLANG_WARN_DEPRECATED_OBJC_IMPLEMENTATIONS = YES;
				CLANG_WARN_DIRECT_OBJC_ISA_USAGE = YES_ERROR;
				CLANG_WARN_DOCUMENTATION_COMMENTS = YES;
				CLANG_WARN_EMPTY_BODY = YES;
				CLANG_WARN_ENUM_CONVERSION = YES;
				CLANG_WARN_INFINITE_RECURSION = YES;
				CLANG_WARN_INT_CONVERSION = YES;
				CLANG_WARN_NON_LITERAL_NULL_CONVERSION = YES;
				CLANG_WARN_OBJC_IMPLICIT_RETAIN_SELF = YES;
				CLANG_WARN_OBJC_LITERAL_CONVERSION = YES;
				CLANG_WARN_OBJC_ROOT_CLASS = YES_ERROR;
				CLANG_WARN_QUOTED_INCLUDE_IN_FRAMEWORK_HEADER = YES;
				CLANG_WARN_RANGE_LOOP_ANALYSIS = YES;
				CLANG_WARN_STRICT_PROTOTYPES = YES;
				CLANG_WARN_SUSPICIOUS_MOVE = YES;
				CLANG_WARN_UNGUARDED_AVAILABILITY = YES_AGGRESSIVE;
				CLANG_WARN_UNREACHABLE_CODE = YES;
				CLANG_WARN__DUPLICATE_METHOD_MATCH = YES;
				COPY_PHASE_STRIP = NO;
				DEBUG_INFORMATION_FORMAT = dwarf;
				ENABLE_STRICT_OBJC_MSGSEND = YES;
				ENABLE_TESTABILITY = YES;
				GCC_C_LANGUAGE_STANDARD = gnu11;
				GCC_DYNAMIC_NO_PIC = NO;
				GCC_NO_COMMON_BLOCKS = YES;
				GCC_OPTIMIZATION_LEVEL = 0;
				GCC_PREPROCESSOR_DEFINITIONS = (
					"DEBUG=1",
					"$(inherited)",
				);
				GCC_WARN_64_TO_32_BIT_CONVERSION = YES;
				GCC_WARN_ABOUT_RETURN_TYPE = YES_ERROR;
				GCC_WARN_UNDECLARED_SELECTOR = YES;
				GCC_WARN_UNINITIALIZED_AUTOS = YES_AGGRESSIVE;
				GCC_WARN_UNUSED_FUNCTION = YES;
				GCC_WARN_UNUSED_VARIABLE = YES;
				IPHONEOS_DEPLOYMENT_TARGET = 15.5;
				MTL_ENABLE_DEBUG_INFO = INCLUDE_SOURCE;
				MTL_FAST_MATH = YES;
				ONLY_ACTIVE_ARCH = YES;
				SDKROOT = iphoneos;
				SWIFT_ACTIVE_COMPILATION_CONDITIONS = DEBUG;
				SWIFT_OPTIMIZATION_LEVEL = "-Onone";
			};
			name = Debug;
		};
		4154D506283E448E001F2FF7 /* Release */ = {
			isa = XCBuildConfiguration;
			buildSettings = {
				ALWAYS_SEARCH_USER_PATHS = NO;
				CLANG_ANALYZER_NONNULL = YES;
				CLANG_ANALYZER_NUMBER_OBJECT_CONVERSION = YES_AGGRESSIVE;
				CLANG_CXX_LANGUAGE_STANDARD = "gnu++17";
				CLANG_ENABLE_MODULES = YES;
				CLANG_ENABLE_OBJC_ARC = YES;
				CLANG_ENABLE_OBJC_WEAK = YES;
				CLANG_WARN_BLOCK_CAPTURE_AUTORELEASING = YES;
				CLANG_WARN_BOOL_CONVERSION = YES;
				CLANG_WARN_COMMA = YES;
				CLANG_WARN_CONSTANT_CONVERSION = YES;
				CLANG_WARN_DEPRECATED_OBJC_IMPLEMENTATIONS = YES;
				CLANG_WARN_DIRECT_OBJC_ISA_USAGE = YES_ERROR;
				CLANG_WARN_DOCUMENTATION_COMMENTS = YES;
				CLANG_WARN_EMPTY_BODY = YES;
				CLANG_WARN_ENUM_CONVERSION = YES;
				CLANG_WARN_INFINITE_RECURSION = YES;
				CLANG_WARN_INT_CONVERSION = YES;
				CLANG_WARN_NON_LITERAL_NULL_CONVERSION = YES;
				CLANG_WARN_OBJC_IMPLICIT_RETAIN_SELF = YES;
				CLANG_WARN_OBJC_LITERAL_CONVERSION = YES;
				CLANG_WARN_OBJC_ROOT_CLASS = YES_ERROR;
				CLANG_WARN_QUOTED_INCLUDE_IN_FRAMEWORK_HEADER = YES;
				CLANG_WARN_RANGE_LOOP_ANALYSIS = YES;
				CLANG_WARN_STRICT_PROTOTYPES = YES;
				CLANG_WARN_SUSPICIOUS_MOVE = YES;
				CLANG_WARN_UNGUARDED_AVAILABILITY = YES_AGGRESSIVE;
				CLANG_WARN_UNREACHABLE_CODE = YES;
				CLANG_WARN__DUPLICATE_METHOD_MATCH = YES;
				COPY_PHASE_STRIP = NO;
				DEBUG_INFORMATION_FORMAT = "dwarf-with-dsym";
				ENABLE_NS_ASSERTIONS = NO;
				ENABLE_STRICT_OBJC_MSGSEND = YES;
				GCC_C_LANGUAGE_STANDARD = gnu11;
				GCC_NO_COMMON_BLOCKS = YES;
				GCC_WARN_64_TO_32_BIT_CONVERSION = YES;
				GCC_WARN_ABOUT_RETURN_TYPE = YES_ERROR;
				GCC_WARN_UNDECLARED_SELECTOR = YES;
				GCC_WARN_UNINITIALIZED_AUTOS = YES_AGGRESSIVE;
				GCC_WARN_UNUSED_FUNCTION = YES;
				GCC_WARN_UNUSED_VARIABLE = YES;
				IPHONEOS_DEPLOYMENT_TARGET = 15.5;
				MTL_ENABLE_DEBUG_INFO = NO;
				MTL_FAST_MATH = YES;
				SDKROOT = iphoneos;
				SWIFT_COMPILATION_MODE = wholemodule;
				SWIFT_OPTIMIZATION_LEVEL = "-O";
				VALIDATE_PRODUCT = YES;
			};
			name = Release;
		};
		4154D508283E448E001F2FF7 /* Debug */ = {
			isa = XCBuildConfiguration;
			buildSettings = {
				ASSETCATALOG_COMPILER_APPICON_NAME = AppIcon;
				ASSETCATALOG_COMPILER_GLOBAL_ACCENT_COLOR_NAME = AccentColor;
				CODE_SIGN_STYLE = Automatic;
				CURRENT_PROJECT_VERSION = 1;
				DEVELOPMENT_TEAM = CMB6GH46SU;
				GENERATE_INFOPLIST_FILE = YES;
				INFOPLIST_FILE = SOLIDPrinciplesApp/Info.plist;
				INFOPLIST_KEY_UIApplicationSupportsIndirectInputEvents = YES;
				INFOPLIST_KEY_UILaunchStoryboardName = LaunchScreen;
				INFOPLIST_KEY_UIMainStoryboardFile = Main;
				INFOPLIST_KEY_UISupportedInterfaceOrientations_iPad = "UIInterfaceOrientationPortrait UIInterfaceOrientationPortraitUpsideDown UIInterfaceOrientationLandscapeLeft UIInterfaceOrientationLandscapeRight";
				INFOPLIST_KEY_UISupportedInterfaceOrientations_iPhone = "UIInterfaceOrientationPortrait UIInterfaceOrientationLandscapeLeft UIInterfaceOrientationLandscapeRight";
				IPHONEOS_DEPLOYMENT_TARGET = 15.0;
				LD_RUNPATH_SEARCH_PATHS = (
					"$(inherited)",
					"@executable_path/Frameworks",
				);
				MARKETING_VERSION = 1.0;
				PRODUCT_BUNDLE_IDENTIFIER = AlexanderBarabash.SOLIDPrinciplesApp;
				PRODUCT_NAME = "$(TARGET_NAME)";
				SWIFT_EMIT_LOC_STRINGS = YES;
				SWIFT_VERSION = 5.0;
				TARGETED_DEVICE_FAMILY = 1;
			};
			name = Debug;
		};
		4154D509283E448E001F2FF7 /* Release */ = {
			isa = XCBuildConfiguration;
			buildSettings = {
				ASSETCATALOG_COMPILER_APPICON_NAME = AppIcon;
				ASSETCATALOG_COMPILER_GLOBAL_ACCENT_COLOR_NAME = AccentColor;
				CODE_SIGN_STYLE = Automatic;
				CURRENT_PROJECT_VERSION = 1;
				DEVELOPMENT_TEAM = CMB6GH46SU;
				GENERATE_INFOPLIST_FILE = YES;
				INFOPLIST_FILE = SOLIDPrinciplesApp/Info.plist;
				INFOPLIST_KEY_UIApplicationSupportsIndirectInputEvents = YES;
				INFOPLIST_KEY_UILaunchStoryboardName = LaunchScreen;
				INFOPLIST_KEY_UIMainStoryboardFile = Main;
				INFOPLIST_KEY_UISupportedInterfaceOrientations_iPad = "UIInterfaceOrientationPortrait UIInterfaceOrientationPortraitUpsideDown UIInterfaceOrientationLandscapeLeft UIInterfaceOrientationLandscapeRight";
				INFOPLIST_KEY_UISupportedInterfaceOrientations_iPhone = "UIInterfaceOrientationPortrait UIInterfaceOrientationLandscapeLeft UIInterfaceOrientationLandscapeRight";
				IPHONEOS_DEPLOYMENT_TARGET = 15.0;
				LD_RUNPATH_SEARCH_PATHS = (
					"$(inherited)",
					"@executable_path/Frameworks",
				);
				MARKETING_VERSION = 1.0;
				PRODUCT_BUNDLE_IDENTIFIER = AlexanderBarabash.SOLIDPrinciplesApp;
				PRODUCT_NAME = "$(TARGET_NAME)";
				SWIFT_EMIT_LOC_STRINGS = YES;
				SWIFT_VERSION = 5.0;
				TARGETED_DEVICE_FAMILY = 1;
			};
			name = Release;
		};
/* End XCBuildConfiguration section */

/* Begin XCConfigurationList section */
		4154D4EE283E448D001F2FF7 /* Build configuration list for PBXProject "SOLIDPrinciplesApp" */ = {
			isa = XCConfigurationList;
			buildConfigurations = (
				4154D505283E448E001F2FF7 /* Debug */,
				4154D506283E448E001F2FF7 /* Release */,
			);
			defaultConfigurationIsVisible = 0;
			defaultConfigurationName = Release;
		};
		4154D507283E448E001F2FF7 /* Build configuration list for PBXNativeTarget "SOLIDPrinciplesApp" */ = {
			isa = XCConfigurationList;
			buildConfigurations = (
				4154D508283E448E001F2FF7 /* Debug */,
				4154D509283E448E001F2FF7 /* Release */,
			);
			defaultConfigurationIsVisible = 0;
			defaultConfigurationName = Release;
		};
/* End XCConfigurationList section */
	};
	rootObject = 4154D4EB283E448D001F2FF7 /* Project object */;
}
